
Microsoft Visual Studio Solution File, Format Version 12.00
# Visual Studio 2017
Project("{FAE04EC0-301F-11D3-BF4B-00C04F79EFBC}") = "paintingMoving", "paintingMoving.csproj", "{5B761F46-2169-7574-091A-81CCBDAC35F9}"
EndProject
Project("{FAE04EC0-301F-11D3-BF4B-00C04F79EFBC}") = "paintingMoving.Plugins", "paintingMoving.Plugins.csproj", "{0549E9C2-AA9D-43B9-B88F-21DC326298D6}"
EndProject
Project("{FAE04EC0-301F-11D3-BF4B-00C04F79EFBC}") = "paintingMoving.Editor", "paintingMoving.Editor.csproj", "{2A3EFE0F-79CD-DD66-3EE4-352800FC4DAA}"
EndProject
Global
	GlobalSection(SolutionConfigurationPlatforms) = preSolution
		Debug|Any CPU = Debug|Any CPU
		Release|Any CPU = Release|Any CPU
	EndGlobalSection
	GlobalSection(ProjectConfigurationPlatforms) = postSolution
		{5B761F46-2169-7574-091A-81CCBDAC35F9}.Debug|Any CPU.ActiveCfg = Debug|Any CPU
		{5B761F46-2169-7574-091A-81CCBDAC35F9}.Debug|Any CPU.Build.0 = Debug|Any CPU
		{5B761F46-2169-7574-091A-81CCBDAC35F9}.Release|Any CPU.ActiveCfg = Release|Any CPU
		{5B761F46-2169-7574-091A-81CCBDAC35F9}.Release|Any CPU.Build.0 = Release|Any CPU
		{0549E9C2-AA9D-43B9-B88F-21DC326298D6}.Debug|Any CPU.ActiveCfg = Debug|Any CPU
		{0549E9C2-AA9D-43B9-B88F-21DC326298D6}.Debug|Any CPU.Build.0 = Debug|Any CPU
		{0549E9C2-AA9D-43B9-B88F-21DC326298D6}.Release|Any CPU.ActiveCfg = Release|Any CPU
		{0549E9C2-AA9D-43B9-B88F-21DC326298D6}.Release|Any CPU.Build.0 = Release|Any CPU
		{2A3EFE0F-79CD-DD66-3EE4-352800FC4DAA}.Debug|Any CPU.ActiveCfg = Debug|Any CPU
		{2A3EFE0F-79CD-DD66-3EE4-352800FC4DAA}.Debug|Any CPU.Build.0 = Debug|Any CPU
		{2A3EFE0F-79CD-DD66-3EE4-352800FC4DAA}.Release|Any CPU.ActiveCfg = Release|Any CPU
		{2A3EFE0F-79CD-DD66-3EE4-352800FC4DAA}.Release|Any CPU.Build.0 = Release|Any CPU
	EndGlobalSection
	GlobalSection(SolutionProperties) = preSolution
		HideSolutionNode = FALSE
	EndGlobalSection
EndGlobal
